
Microsoft Visual Studio Solution File, Format Version 12.00
# Visual Studio 14
VisualStudioVersion = 14.0.25123.0
MinimumVisualStudioVersion = 10.0.40219.1
Project("{FAE04EC0-301F-11D3-BF4B-00C04F79EFBC}") = "SCJMapper-V2", "SCJMapper-V2.csproj", "{B5F8B339-E02E-4F6D-BF62-D776F165910F}"
EndProject
Global
	GlobalSection(SolutionConfigurationPlatforms) = preSolution
		Debug|Any CPU = Debug|Any CPU
		Debug|x86 = Debug|x86
		Release|Any CPU = Release|Any CPU
		Release|x86 = Release|x86
	EndGlobalSection
	GlobalSection(ProjectConfigurationPlatforms) = postSolution
		{B5F8B339-E02E-4F6D-BF62-D776F165910F}.Debug|Any CPU.ActiveCfg = Debug|Any CPU
		{B5F8B339-E02E-4F6D-BF62-D776F165910F}.Debug|Any CPU.Build.0 = Debug|Any CPU
		{B5F8B339-E02E-4F6D-BF62-D776F165910F}.Debug|x86.ActiveCfg = Debug|Any CPU
		{B5F8B339-E02E-4F6D-BF62-D776F165910F}.Debug|x86.Build.0 = Debug|Any CPU
		{B5F8B339-E02E-4F6D-BF62-D776F165910F}.Release|Any CPU.ActiveCfg = Release|Any CPU
		{B5F8B339-E02E-4F6D-BF62-D776F165910F}.Release|Any CPU.Build.0 = Release|Any CPU
		{B5F8B339-E02E-4F6D-BF62-D776F165910F}.Release|x86.ActiveCfg = Release|Any CPU
		{B5F8B339-E02E-4F6D-BF62-D776F165910F}.Release|x86.Build.0 = Release|Any CPU
	EndGlobalSection
	GlobalSection(SolutionProperties) = preSolution
		HideSolutionNode = FALSE
	EndGlobalSection
EndGlobal
